# This file is autogenerated, do not edit; changes may be undone by the next 'dep ensure'.


[[projects]]
  name = "github.com/coreos/etcd"
  packages = ["client","pkg/pathutil","pkg/srv","pkg/types","version"]
  revision = "f1d7dd87da3e8feab4aaf675b8e29c6a5ed5f58b"
  version = "v3.2.9"

[[projects]]
  name = "github.com/coreos/go-semver"
  packages = ["semver"]
  revision = "8ab6407b697782a06568d4b7f1db25550ec2e4c6"
  version = "v0.2.0"

[[projects]]
  name = "github.com/docker/libkv"
  packages = [".","store","store/consul","store/etcd"]
  revision = "aabc039ad04deb721e234f99cd1b4aa28ac71a40"
  version = "v0.2.1"

[[projects]]
  name = "github.com/hashicorp/consul"
  packages = ["api"]
  revision = "51ea240df8476e02215d53fbfad5838bf0d44d21"
  version = "v1.0.0"

[[projects]]
  branch = "master"
  name = "github.com/hashicorp/go-cleanhttp"
  packages = ["."]
  revision = "3573b8b52aa7b37b9358d966a898feb387f62437"

[[projects]]
  branch = "master"
  name = "github.com/hashicorp/go-rootcerts"
  packages = ["."]
  revision = "6bb64b370b90e7ef1fa532be9e591a81c3493e00"

[[projects]]
  name = "github.com/hashicorp/serf"
  packages = ["coordinate"]
  revision = "d6574a5bb1226678d7010325fb6c985db20ee458"
  version = "v0.8.1"

[[projects]]
  branch = "master"
  name = "github.com/mitchellh/go-homedir"
  packages = ["."]
  revision = "b8bc1bf767474819792c23f32d8286a45736f1c6"

[[projects]]
  branch = "master"
  name = "github.com/ugorji/go"
  packages = ["codec"]
  revision = "d03304bb1d83c196fd3017dca37e89a4504b3676"

[[projects]]
  branch = "master"
  name = "golang.org/x/net"
  packages = ["context"]
  revision = "c73622c77280266305273cb545f54516ced95b93"

[solve-meta]
  analyzer-name = "dep"
  analyzer-version = 1
  inputs-digest = "d7fdac548e37fb11a8ff383760bd7ecdfa6141ea57eee38cec177d3796f2a1e2"
  solver-name = "gps-cdcl"
  solver-version = 1
